
Microsoft Visual Studio Solution File, Format Version 12.00
# Visual Studio Version 16
VisualStudioVersion = 16.0.33214.272
MinimumVisualStudioVersion = 10.0.40219.1
Project("{9A19103F-16F7-4668-BE54-9A1E7A4F7556}") = "ChessProject", "ChessProject\ChessProject.csproj", "{07E9A276-6674-4A66-90A5-B04511728476}"
EndProject
Project("{FAE04EC0-301F-11D3-BF4B-00C04F79EFBC}") = "AICore", "AICore\AICore.csproj", "{CD1407F7-63D7-45E0-A7F8-A1C10E9F83FA}"
EndProject
Project("{FAE04EC0-301F-11D3-BF4B-00C04F79EFBC}") = "ChessConsole", "ChessConsole\ChessConsole.csproj", "{3E33618D-362D-40EB-ADE8-5BEC13564A09}"
EndProject
Global
	GlobalSection(SolutionConfigurationPlatforms) = preSolution
		Debug|Any CPU = Debug|Any CPU
		Release|Any CPU = Release|Any CPU
	EndGlobalSection
	GlobalSection(ProjectConfigurationPlatforms) = postSolution
		{07E9A276-6674-4A66-90A5-B04511728476}.Debug|Any CPU.ActiveCfg = Debug|Any CPU
		{07E9A276-6674-4A66-90A5-B04511728476}.Debug|Any CPU.Build.0 = Debug|Any CPU
		{07E9A276-6674-4A66-90A5-B04511728476}.Release|Any CPU.ActiveCfg = Release|Any CPU
		{07E9A276-6674-4A66-90A5-B04511728476}.Release|Any CPU.Build.0 = Release|Any CPU
		{CD1407F7-63D7-45E0-A7F8-A1C10E9F83FA}.Debug|Any CPU.ActiveCfg = Debug|Any CPU
		{CD1407F7-63D7-45E0-A7F8-A1C10E9F83FA}.Debug|Any CPU.Build.0 = Debug|Any CPU
		{CD1407F7-63D7-45E0-A7F8-A1C10E9F83FA}.Release|Any CPU.ActiveCfg = Release|Any CPU
		{CD1407F7-63D7-45E0-A7F8-A1C10E9F83FA}.Release|Any CPU.Build.0 = Release|Any CPU
		{3E33618D-362D-40EB-ADE8-5BEC13564A09}.Debug|Any CPU.ActiveCfg = Debug|Any CPU
		{3E33618D-362D-40EB-ADE8-5BEC13564A09}.Debug|Any CPU.Build.0 = Debug|Any CPU
		{3E33618D-362D-40EB-ADE8-5BEC13564A09}.Release|Any CPU.ActiveCfg = Release|Any CPU
		{3E33618D-362D-40EB-ADE8-5BEC13564A09}.Release|Any CPU.Build.0 = Release|Any CPU
	EndGlobalSection
	GlobalSection(SolutionProperties) = preSolution
		HideSolutionNode = FALSE
	EndGlobalSection
	GlobalSection(ExtensibilityGlobals) = postSolution
		SolutionGuid = {A478ECDD-3205-4DE6-AAA5-FF17F124A7C3}
	EndGlobalSection
EndGlobal
